
Microsoft Visual Studio Solution File, Format Version 12.00
# Visual Studio Version 17
VisualStudioVersion = 17.9.34728.123
MinimumVisualStudioVersion = 10.0.40219.1
Project("{FAE04EC0-301F-11D3-BF4B-00C04F79EFBC}") = "Assessment", "Assessment\Assessment.csproj", "{A625FA3E-DF8D-432F-A79C-E52CD2C15EB7}"
EndProject
Global
	GlobalSection(SolutionConfigurationPlatforms) = preSolution
		Debug|Any CPU = Debug|Any CPU
		Release|Any CPU = Release|Any CPU
	EndGlobalSection
	GlobalSection(ProjectConfigurationPlatforms) = postSolution
		{A625FA3E-DF8D-432F-A79C-E52CD2C15EB7}.Debug|Any CPU.ActiveCfg = Debug|Any CPU
		{A625FA3E-DF8D-432F-A79C-E52CD2C15EB7}.Debug|Any CPU.Build.0 = Debug|Any CPU
		{A625FA3E-DF8D-432F-A79C-E52CD2C15EB7}.Release|Any CPU.ActiveCfg = Release|Any CPU
		{A625FA3E-DF8D-432F-A79C-E52CD2C15EB7}.Release|Any CPU.Build.0 = Release|Any CPU
	EndGlobalSection
	GlobalSection(SolutionProperties) = preSolution
		HideSolutionNode = FALSE
	EndGlobalSection
	GlobalSection(ExtensibilityGlobals) = postSolution
		SolutionGuid = {16A3E598-1636-45BF-936B-FAE22F6FBBB3}
	EndGlobalSection
EndGlobal
